
Microsoft Visual Studio Solution File, Format Version 12.00
# Visual Studio 14
VisualStudioVersion = 14.0.25420.1
MinimumVisualStudioVersion = 10.0.40219.1
Project("{8BC9CEB8-8B4A-11D0-8D11-00A0C91BC942}") = "following-c-plus", "following-c-plus.vcxproj", "{0CC00F5A-13B6-4C79-9F34-7D94789B47AB}"
EndProject
Project("{8BC9CEB8-8B4A-11D0-8D11-00A0C91BC942}") = "TBCppStudy", "..\TBCppStudy\TBCppStudy.vcxproj", "{67E0148D-26BE-4E16-AC11-6FB21EF63509}"
EndProject
Project("{8BC9CEB8-8B4A-11D0-8D11-00A0C91BC942}") = "Chapter1_1", "..\Chapter1_1\Chapter1_1.vcxproj", "{05A76FA0-F1B9-4803-8B7E-1B617933AF74}"
EndProject
Project("{8BC9CEB8-8B4A-11D0-8D11-00A0C91BC942}") = "Chapter1_2", "Chapter1_2\Chapter1_2.vcxproj", "{BF044E68-26DD-42FA-9F0A-0FBE16F5F827}"
EndProject
Project("{8BC9CEB8-8B4A-11D0-8D11-00A0C91BC942}") = "Chapter1_3", "Chapter 1_3\Chapter 1_3.vcxproj", "{D8622942-3847-4024-88A9-BC81E8E6A5B7}"
EndProject
Project("{8BC9CEB8-8B4A-11D0-8D11-00A0C91BC942}") = "Chapter1_4", "Chapter1_4\Chapter1_4.vcxproj", "{7A0668D5-A32A-42E9-BFB1-5EEE3358F65B}"
EndProject
Project("{8BC9CEB8-8B4A-11D0-8D11-00A0C91BC942}") = "Chapter1_7", "..\Chapter1_7\Chapter1_7.vcxproj", "{C5A55998-07AF-4E18-A2B1-83FC4FAC76DA}"
EndProject
Project("{8BC9CEB8-8B4A-11D0-8D11-00A0C91BC942}") = "Chapter1_8", "Chapter1_8\Chapter1_8.vcxproj", "{905CDCE9-1524-4FDB-9FD1-F77AE851572A}"
EndProject
Global
	GlobalSection(SolutionConfigurationPlatforms) = preSolution
		Debug|x64 = Debug|x64
		Debug|x86 = Debug|x86
		Release|x64 = Release|x64
		Release|x86 = Release|x86
	EndGlobalSection
	GlobalSection(ProjectConfigurationPlatforms) = postSolution
		{0CC00F5A-13B6-4C79-9F34-7D94789B47AB}.Debug|x64.ActiveCfg = Debug|x64
		{0CC00F5A-13B6-4C79-9F34-7D94789B47AB}.Debug|x64.Build.0 = Debug|x64
		{0CC00F5A-13B6-4C79-9F34-7D94789B47AB}.Debug|x86.ActiveCfg = Debug|Win32
		{0CC00F5A-13B6-4C79-9F34-7D94789B47AB}.Debug|x86.Build.0 = Debug|Win32
		{0CC00F5A-13B6-4C79-9F34-7D94789B47AB}.Release|x64.ActiveCfg = Release|x64
		{0CC00F5A-13B6-4C79-9F34-7D94789B47AB}.Release|x64.Build.0 = Release|x64
		{0CC00F5A-13B6-4C79-9F34-7D94789B47AB}.Release|x86.ActiveCfg = Release|Win32
		{0CC00F5A-13B6-4C79-9F34-7D94789B47AB}.Release|x86.Build.0 = Release|Win32
		{67E0148D-26BE-4E16-AC11-6FB21EF63509}.Debug|x64.ActiveCfg = Debug|x64
		{67E0148D-26BE-4E16-AC11-6FB21EF63509}.Debug|x64.Build.0 = Debug|x64
		{67E0148D-26BE-4E16-AC11-6FB21EF63509}.Debug|x86.ActiveCfg = Debug|Win32
		{67E0148D-26BE-4E16-AC11-6FB21EF63509}.Debug|x86.Build.0 = Debug|Win32
		{67E0148D-26BE-4E16-AC11-6FB21EF63509}.Release|x64.ActiveCfg = Release|x64
		{67E0148D-26BE-4E16-AC11-6FB21EF63509}.Release|x64.Build.0 = Release|x64
		{67E0148D-26BE-4E16-AC11-6FB21EF63509}.Release|x86.ActiveCfg = Release|Win32
		{67E0148D-26BE-4E16-AC11-6FB21EF63509}.Release|x86.Build.0 = Release|Win32
		{05A76FA0-F1B9-4803-8B7E-1B617933AF74}.Debug|x64.ActiveCfg = Debug|x64
		{05A76FA0-F1B9-4803-8B7E-1B617933AF74}.Debug|x64.Build.0 = Debug|x64
		{05A76FA0-F1B9-4803-8B7E-1B617933AF74}.Debug|x86.ActiveCfg = Debug|Win32
		{05A76FA0-F1B9-4803-8B7E-1B617933AF74}.Debug|x86.Build.0 = Debug|Win32
		{05A76FA0-F1B9-4803-8B7E-1B617933AF74}.Release|x64.ActiveCfg = Release|x64
		{05A76FA0-F1B9-4803-8B7E-1B617933AF74}.Release|x64.Build.0 = Release|x64
		{05A76FA0-F1B9-4803-8B7E-1B617933AF74}.Release|x86.ActiveCfg = Release|Win32
		{05A76FA0-F1B9-4803-8B7E-1B617933AF74}.Release|x86.Build.0 = Release|Win32
		{BF044E68-26DD-42FA-9F0A-0FBE16F5F827}.Debug|x64.ActiveCfg = Debug|x64
		{BF044E68-26DD-42FA-9F0A-0FBE16F5F827}.Debug|x64.Build.0 = Debug|x64
		{BF044E68-26DD-42FA-9F0A-0FBE16F5F827}.Debug|x86.ActiveCfg = Debug|Win32
		{BF044E68-26DD-42FA-9F0A-0FBE16F5F827}.Debug|x86.Build.0 = Debug|Win32
		{BF044E68-26DD-42FA-9F0A-0FBE16F5F827}.Release|x64.ActiveCfg = Release|x64
		{BF044E68-26DD-42FA-9F0A-0FBE16F5F827}.Release|x64.Build.0 = Release|x64
		{BF044E68-26DD-42FA-9F0A-0FBE16F5F827}.Release|x86.ActiveCfg = Release|Win32
		{BF044E68-26DD-42FA-9F0A-0FBE16F5F827}.Release|x86.Build.0 = Release|Win32
		{D8622942-3847-4024-88A9-BC81E8E6A5B7}.Debug|x64.ActiveCfg = Debug|x64
		{D8622942-3847-4024-88A9-BC81E8E6A5B7}.Debug|x64.Build.0 = Debug|x64
		{D8622942-3847-4024-88A9-BC81E8E6A5B7}.Debug|x86.ActiveCfg = Debug|Win32
		{D8622942-3847-4024-88A9-BC81E8E6A5B7}.Debug|x86.Build.0 = Debug|Win32
		{D8622942-3847-4024-88A9-BC81E8E6A5B7}.Release|x64.ActiveCfg = Release|x64
		{D8622942-3847-4024-88A9-BC81E8E6A5B7}.Release|x64.Build.0 = Release|x64
		{D8622942-3847-4024-88A9-BC81E8E6A5B7}.Release|x86.ActiveCfg = Release|Win32
		{D8622942-3847-4024-88A9-BC81E8E6A5B7}.Release|x86.Build.0 = Release|Win32
		{7A0668D5-A32A-42E9-BFB1-5EEE3358F65B}.Debug|x64.ActiveCfg = Debug|x64
		{7A0668D5-A32A-42E9-BFB1-5EEE3358F65B}.Debug|x64.Build.0 = Debug|x64
		{7A0668D5-A32A-42E9-BFB1-5EEE3358F65B}.Debug|x86.ActiveCfg = Debug|Win32
		{7A0668D5-A32A-42E9-BFB1-5EEE3358F65B}.Debug|x86.Build.0 = Debug|Win32
		{7A0668D5-A32A-42E9-BFB1-5EEE3358F65B}.Release|x64.ActiveCfg = Release|x64
		{7A0668D5-A32A-42E9-BFB1-5EEE3358F65B}.Release|x64.Build.0 = Release|x64
		{7A0668D5-A32A-42E9-BFB1-5EEE3358F65B}.Release|x86.ActiveCfg = Release|Win32
		{7A0668D5-A32A-42E9-BFB1-5EEE3358F65B}.Release|x86.Build.0 = Release|Win32
		{C5A55998-07AF-4E18-A2B1-83FC4FAC76DA}.Debug|x64.ActiveCfg = Debug|x64
		{C5A55998-07AF-4E18-A2B1-83FC4FAC76DA}.Debug|x64.Build.0 = Debug|x64
		{C5A55998-07AF-4E18-A2B1-83FC4FAC76DA}.Debug|x86.ActiveCfg = Debug|Win32
		{C5A55998-07AF-4E18-A2B1-83FC4FAC76DA}.Debug|x86.Build.0 = Debug|Win32
		{C5A55998-07AF-4E18-A2B1-83FC4FAC76DA}.Release|x64.ActiveCfg = Release|x64
		{C5A55998-07AF-4E18-A2B1-83FC4FAC76DA}.Release|x64.Build.0 = Release|x64
		{C5A55998-07AF-4E18-A2B1-83FC4FAC76DA}.Release|x86.ActiveCfg = Release|Win32
		{C5A55998-07AF-4E18-A2B1-83FC4FAC76DA}.Release|x86.Build.0 = Release|Win32
		{905CDCE9-1524-4FDB-9FD1-F77AE851572A}.Debug|x64.ActiveCfg = Debug|x64
		{905CDCE9-1524-4FDB-9FD1-F77AE851572A}.Debug|x64.Build.0 = Debug|x64
		{905CDCE9-1524-4FDB-9FD1-F77AE851572A}.Debug|x86.ActiveCfg = Debug|Win32
		{905CDCE9-1524-4FDB-9FD1-F77AE851572A}.Debug|x86.Build.0 = Debug|Win32
		{905CDCE9-1524-4FDB-9FD1-F77AE851572A}.Release|x64.ActiveCfg = Release|x64
		{905CDCE9-1524-4FDB-9FD1-F77AE851572A}.Release|x64.Build.0 = Release|x64
		{905CDCE9-1524-4FDB-9FD1-F77AE851572A}.Release|x86.ActiveCfg = Release|Win32
		{905CDCE9-1524-4FDB-9FD1-F77AE851572A}.Release|x86.Build.0 = Release|Win32
	EndGlobalSection
	GlobalSection(SolutionProperties) = preSolution
		HideSolutionNode = FALSE
	EndGlobalSection
EndGlobal
